
Microsoft Visual Studio Solution File, Format Version 12.00
# Visual Studio Version 17
VisualStudioVersion = 17.9.34616.47
MinimumVisualStudioVersion = 10.0.40219.1
Project("{FAE04EC0-301F-11D3-BF4B-00C04F79EFBC}") = "CrudLaboratorio1", "CrudLaboratorio1\CrudLaboratorio1.csproj", "{FFC32395-A9A1-4DBC-8C54-DCFF4905E448}"
EndProject
Global
	GlobalSection(SolutionConfigurationPlatforms) = preSolution
		Debug|Any CPU = Debug|Any CPU
		Release|Any CPU = Release|Any CPU
	EndGlobalSection
	GlobalSection(ProjectConfigurationPlatforms) = postSolution
		{FFC32395-A9A1-4DBC-8C54-DCFF4905E448}.Debug|Any CPU.ActiveCfg = Debug|Any CPU
		{FFC32395-A9A1-4DBC-8C54-DCFF4905E448}.Debug|Any CPU.Build.0 = Debug|Any CPU
		{FFC32395-A9A1-4DBC-8C54-DCFF4905E448}.Release|Any CPU.ActiveCfg = Release|Any CPU
		{FFC32395-A9A1-4DBC-8C54-DCFF4905E448}.Release|Any CPU.Build.0 = Release|Any CPU
	EndGlobalSection
	GlobalSection(SolutionProperties) = preSolution
		HideSolutionNode = FALSE
	EndGlobalSection
	GlobalSection(ExtensibilityGlobals) = postSolution
		SolutionGuid = {1A8B5A36-C0A1-48D3-951E-069816E1E1F8}
	EndGlobalSection
EndGlobal
